
Microsoft Visual Studio Solution File, Format Version 12.00
# Visual Studio Version 17
VisualStudioVersion = 17.5.002.0
MinimumVisualStudioVersion = 10.0.40219.1
Project("{9A19103F-16F7-4668-BE54-9A1E7A4F7556}") = "ReflexSharp-BE", "ReflexSharp-BE.csproj", "{583FAFC5-D0FC-40C9-9AC8-DED163598D97}"
EndProject
Global
	GlobalSection(SolutionConfigurationPlatforms) = preSolution
		Debug|Any CPU = Debug|Any CPU
		Release|Any CPU = Release|Any CPU
	EndGlobalSection
	GlobalSection(ProjectConfigurationPlatforms) = postSolution
		{583FAFC5-D0FC-40C9-9AC8-DED163598D97}.Debug|Any CPU.ActiveCfg = Debug|Any CPU
		{583FAFC5-D0FC-40C9-9AC8-DED163598D97}.Debug|Any CPU.Build.0 = Debug|Any CPU
		{583FAFC5-D0FC-40C9-9AC8-DED163598D97}.Release|Any CPU.ActiveCfg = Release|Any CPU
		{583FAFC5-D0FC-40C9-9AC8-DED163598D97}.Release|Any CPU.Build.0 = Release|Any CPU
	EndGlobalSection
	GlobalSection(SolutionProperties) = preSolution
		HideSolutionNode = FALSE
	EndGlobalSection
	GlobalSection(ExtensibilityGlobals) = postSolution
		SolutionGuid = {12420282-662A-46A3-8836-CF7424B14B1F}
	EndGlobalSection
EndGlobal
